Microsoft Visual Studio Solution File, Format Version 12.00
# Visual Studio Version 16
VisualStudioVersion = 16.0.30011.22
MinimumVisualStudioVersion = 10.0.40219.1
Project("{FAE04EC0-301F-11D3-BF4B-00C04F79EFBC}") = "SimpleBlogDemo", "Examples\SimpleBlogDemo\SimpleBlogDemo.csproj", "{8772EB1E-3019-4FB3-9059-67681693E873}"
EndProject
Project("{FAE04EC0-301F-11D3-BF4B-00C04F79EFBC}") = "SimpleTest", "Examples\SimpleTest\SimpleTest.csproj", "{33A16535-A722-4679-BD9F-A78576988519}"
EndProject
Project("{D954291E-2A0B-460D-934E-DC6B0785DB48}") = "UniversalDemo.Shared", "Examples\UniversalDemo\UniversalDemo\UniversalDemo.Shared\UniversalDemo.Shared.shproj", "{6BCC4215-B726-4B37-A932-4DCA74A1D465}"
EndProject
Project("{FAE04EC0-301F-11D3-BF4B-00C04F79EFBC}") = "UniversalDemo.Windows", "Examples\UniversalDemo\UniversalDemo\UniversalDemo.Windows\UniversalDemo.Windows.csproj", "{680E8F6F-AA67-4912-AE20-F89E482DC2CD}"
EndProject
Project("{FAE04EC0-301F-11D3-BF4B-00C04F79EFBC}") = "UniversalDemo.WindowsPhone", "Examples\UniversalDemo\UniversalDemo\UniversalDemo.WindowsPhone\UniversalDemo.WindowsPhone.csproj", "{51D9899C-31D6-4C22-B894-E9498CB90577}"
EndProject
Project("{9A19103F-16F7-4668-BE54-9A1E7A4F7556}") = "Dropbox.Api", "Dropbox.Api\Dropbox.Api.csproj", "{68180B54-4724-4CD1-BAA6-EE7BC309797C}"
EndProject
Project("{FAE04EC0-301F-11D3-BF4B-00C04F79EFBC}") = "SimpleBusinessDashboard", "Examples\SimpleBusinessDashboard\SimpleBusinessDashboard.csproj", "{B762DE35-E606-4B57-8860-1A662DF5624C}"
EndProject
Project("{FAE04EC0-301F-11D3-BF4B-00C04F79EFBC}") = "Dropbox.Api.Integration.Tests", "Dropbox.Api.Integration.Tests\Dropbox.Api.Integration.Tests.csproj", "{0FDF769B-43F8-4907-98D5-A413BD9DE62D}"
EndProject
Project("{FAE04EC0-301F-11D3-BF4B-00C04F79EFBC}") = "Dropbox.Api.Unit.Tests", "Dropbox.Api.Unit.Tests\Dropbox.Api.Unit.Tests.csproj", "{EECFD4AD-B7DF-4AA7-B067-C6DA4139CB46}"
EndProject
Project("{FAE04EC0-301F-11D3-BF4B-00C04F79EFBC}") = "OauthTest", "Examples\OauthBasic\OauthTest.csproj", "{AC53CD8C-710C-4019-8B62-F819F0D6EF38}"
EndProject
Project("{FAE04EC0-301F-11D3-BF4B-00C04F79EFBC}") = "OAuthPKCE", "Examples\OAuthPKCE\OAuthPKCE.csproj", "{1DA8B62F-4AB9-4514-BE94-7D86BA4C130D}"
EndProject
Project("{2150E333-8FDC-42A3-9474-1A3956D46DE8}") = "Solution Items", "Solution Items", "{F4E777A4-79F8-4CEE-9C19-6AA8CF7211CF}"
	ProjectSection(SolutionItems) = preProject
		.editorconfig = .editorconfig
	EndProjectSection
EndProject
Global
	GlobalSection(SharedMSBuildProjectFiles) = preSolution
		Examples\UniversalDemo\UniversalDemo\UniversalDemo.Shared\UniversalDemo.Shared.projitems*{51d9899c-31d6-4c22-b894-e9498cb90577}*SharedItemsImports = 4
		Examples\UniversalDemo\UniversalDemo\UniversalDemo.Shared\UniversalDemo.Shared.projitems*{680e8f6f-aa67-4912-ae20-f89e482dc2cd}*SharedItemsImports = 4
		Examples\UniversalDemo\UniversalDemo\UniversalDemo.Shared\UniversalDemo.Shared.projitems*{6bcc4215-b726-4b37-a932-4dca74a1d465}*SharedItemsImports = 13
	EndGlobalSection
	GlobalSection(SolutionConfigurationPlatforms) = preSolution
		Debug|Any CPU = Debug|Any CPU
		Debug|ARM = Debug|ARM
		Debug|x64 = Debug|x64
		Debug|x86 = Debug|x86
		Release|Any CPU = Release|Any CPU
		Release|ARM = Release|ARM
		Release|x64 = Release|x64
		Release|x86 = Release|x86
	EndGlobalSection
	GlobalSection(ProjectConfigurationPlatforms) = postSolution
		{8772EB1E-3019-4FB3-9059-67681693E873}.Debug|Any CPU.ActiveCfg = Debug|Any CPU
		{8772EB1E-3019-4FB3-9059-67681693E873}.Debug|Any CPU.Build.0 = Debug|Any CPU
		{8772EB1E-3019-4FB3-9059-67681693E873}.Debug|ARM.ActiveCfg = Debug|Any CPU
		{8772EB1E-3019-4FB3-9059-67681693E873}.Debug|x64.ActiveCfg = Debug|Any CPU
		{8772EB1E-3019-4FB3-9059-67681693E873}.Debug|x86.ActiveCfg = Debug|Any CPU
		{8772EB1E-3019-4FB3-9059-67681693E873}.Release|Any CPU.ActiveCfg = Release|Any CPU
		{8772EB1E-3019-4FB3-9059-67681693E873}.Release|Any CPU.Build.0 = Release|Any CPU
		{8772EB1E-3019-4FB3-9059-67681693E873}.Release|ARM.ActiveCfg = Release|Any CPU
		{8772EB1E-3019-4FB3-9059-67681693E873}.Release|x64.ActiveCfg = Release|Any CPU
		{8772EB1E-3019-4FB3-9059-67681693E873}.Release|x86.ActiveCfg = Release|Any CPU
		{33A16535-A722-4679-BD9F-A78576988519}.Debug|Any CPU.ActiveCfg = Debug|Any CPU
		{33A16535-A722-4679-BD9F-A78576988519}.Debug|Any CPU.Build.0 = Debug|Any CPU
		{33A16535-A722-4679-BD9F-A78576988519}.Debug|ARM.ActiveCfg = Debug|Any CPU
		{33A16535-A722-4679-BD9F-A78576988519}.Debug|ARM.Build.0 = Debug|Any CPU
		{33A16535-A722-4679-BD9F-A78576988519}.Debug|x64.ActiveCfg = Debug|Any CPU
		{33A16535-A722-4679-BD9F-A78576988519}.Debug|x64.Build.0 = Debug|Any CPU
		{33A16535-A722-4679-BD9F-A78576988519}.Debug|x86.ActiveCfg = Debug|Any CPU
		{33A16535-A722-4679-BD9F-A78576988519}.Debug|x86.Build.0 = Debug|Any CPU
		{33A16535-A722-4679-BD9F-A78576988519}.Release|Any CPU.ActiveCfg = Release|Any CPU
		{33A16535-A722-4679-BD9F-A78576988519}.Release|Any CPU.Build.0 = Release|Any CPU
		{33A16535-A722-4679-BD9F-A78576988519}.Release|ARM.ActiveCfg = Release|Any CPU
		{33A16535-A722-4679-BD9F-A78576988519}.Release|ARM.Build.0 = Release|Any CPU
		{33A16535-A722-4679-BD9F-A78576988519}.Release|x64.ActiveCfg = Release|Any CPU
		{33A16535-A722-4679-BD9F-A78576988519}.Release|x64.Build.0 = Release|Any CPU
		{33A16535-A722-4679-BD9F-A78576988519}.Release|x86.ActiveCfg = Release|Any CPU
		{33A16535-A722-4679-BD9F-A78576988519}.Release|x86.Build.0 = Release|Any CPU
		{680E8F6F-AA67-4912-AE20-F89E482DC2CD}.Debug|Any CPU.ActiveCfg = Debug|Any CPU
		{680E8F6F-AA67-4912-AE20-F89E482DC2CD}.Debug|Any CPU.Build.0 = Debug|Any CPU
		{680E8F6F-AA67-4912-AE20-F89E482DC2CD}.Debug|Any CPU.Deploy.0 = Debug|Any CPU
		{680E8F6F-AA67-4912-AE20-F89E482DC2CD}.Debug|ARM.ActiveCfg = Debug|ARM
		{680E8F6F-AA67-4912-AE20-F89E482DC2CD}.Debug|ARM.Build.0 = Debug|ARM
		{680E8F6F-AA67-4912-AE20-F89E482DC2CD}.Debug|ARM.Deploy.0 = Debug|ARM
		{680E8F6F-AA67-4912-AE20-F89E482DC2CD}.Debug|x64.ActiveCfg = Debug|x64
		{680E8F6F-AA67-4912-AE20-F89E482DC2CD}.Debug|x64.Build.0 = Debug|x64
		{680E8F6F-AA67-4912-AE20-F89E482DC2CD}.Debug|x64.Deploy.0 = Debug|x64
		{680E8F6F-AA67-4912-AE20-F89E482DC2CD}.Debug|x86.ActiveCfg = Debug|x86
		{680E8F6F-AA67-4912-AE20-F89E482DC2CD}.Debug|x86.Build.0 = Debug|x86
		{680E8F6F-AA67-4912-AE20-F89E482DC2CD}.Debug|x86.Deploy.0 = Debug|x86
		{680E8F6F-AA67-4912-AE20-F89E482DC2CD}.Release|Any CPU.ActiveCfg = Release|Any CPU
		{680E8F6F-AA67-4912-AE20-F89E482DC2CD}.Release|Any CPU.Build.0 = Release|Any CPU
		{680E8F6F-AA67-4912-AE20-F89E482DC2CD}.Release|Any CPU.Deploy.0 = Release|Any CPU
		{680E8F6F-AA67-4912-AE20-F89E482DC2CD}.Release|ARM.ActiveCfg = Release|ARM
		{680E8F6F-AA67-4912-AE20-F89E482DC2CD}.Release|ARM.Build.0 = Release|ARM
		{680E8F6F-AA67-4912-AE20-F89E482DC2CD}.Release|ARM.Deploy.0 = Release|ARM
		{680E8F6F-AA67-4912-AE20-F89E482DC2CD}.Release|x64.ActiveCfg = Release|x64
		{680E8F6F-AA67-4912-AE20-F89E482DC2CD}.Release|x64.Build.0 = Release|x64
		{680E8F6F-AA67-4912-AE20-F89E482DC2CD}.Release|x64.Deploy.0 = Release|x64
		{680E8F6F-AA67-4912-AE20-F89E482DC2CD}.Release|x86.ActiveCfg = Release|x86
		{680E8F6F-AA67-4912-AE20-F89E482DC2CD}.Release|x86.Build.0 = Release|x86
		{680E8F6F-AA67-4912-AE20-F89E482DC2CD}.Release|x86.Deploy.0 = Release|x86
		{51D9899C-31D6-4C22-B894-E9498CB90577}.Debug|Any CPU.ActiveCfg = Debug|Any CPU
		{51D9899C-31D6-4C22-B894-E9498CB90577}.Debug|Any CPU.Build.0 = Debug|Any CPU
		{51D9899C-31D6-4C22-B894-E9498CB90577}.Debug|Any CPU.Deploy.0 = Debug|Any CPU
		{51D9899C-31D6-4C22-B894-E9498CB90577}.Debug|ARM.ActiveCfg = Debug|ARM
		{51D9899C-31D6-4C22-B894-E9498CB90577}.Debug|ARM.Build.0 = Debug|ARM
		{51D9899C-31D6-4C22-B894-E9498CB90577}.Debug|ARM.Deploy.0 = Debug|ARM
		{51D9899C-31D6-4C22-B894-E9498CB90577}.Debug|x64.ActiveCfg = Debug|Any CPU
		{51D9899C-31D6-4C22-B894-E9498CB90577}.Debug|x86.ActiveCfg = Debug|x86
		{51D9899C-31D6-4C22-B894-E9498CB90577}.Debug|x86.Build.0 = Debug|x86
		{51D9899C-31D6-4C22-B894-E9498CB90577}.Debug|x86.Deploy.0 = Debug|x86
		{51D9899C-31D6-4C22-B894-E9498CB90577}.Release|Any CPU.ActiveCfg = Release|Any CPU
		{51D9899C-31D6-4C22-B894-E9498CB90577}.Release|Any CPU.Build.0 = Release|Any CPU
		{51D9899C-31D6-4C22-B894-E9498CB90577}.Release|Any CPU.Deploy.0 = Release|Any CPU
		{51D9899C-31D6-4C22-B894-E9498CB90577}.Release|ARM.ActiveCfg = Release|ARM
		{51D9899C-31D6-4C22-B894-E9498CB90577}.Release|ARM.Build.0 = Release|ARM
		{51D9899C-31D6-4C22-B894-E9498CB90577}.Release|ARM.Deploy.0 = Release|ARM
		{51D9899C-31D6-4C22-B894-E9498CB90577}.Release|x64.ActiveCfg = Release|Any CPU
		{51D9899C-31D6-4C22-B894-E9498CB90577}.Release|x86.ActiveCfg = Release|x86
		{51D9899C-31D6-4C22-B894-E9498CB90577}.Release|x86.Build.0 = Release|x86
		{51D9899C-31D6-4C22-B894-E9498CB90577}.Release|x86.Deploy.0 = Release|x86
		{68180B54-4724-4CD1-BAA6-EE7BC309797C}.Debug|Any CPU.ActiveCfg = Debug|Any CPU
		{68180B54-4724-4CD1-BAA6-EE7BC309797C}.Debug|Any CPU.Build.0 = Debug|Any CPU
		{68180B54-4724-4CD1-BAA6-EE7BC309797C}.Debug|ARM.ActiveCfg = Debug|Any CPU
		{68180B54-4724-4CD1-BAA6-EE7BC309797C}.Debug|x64.ActiveCfg = Debug|Any CPU
		{68180B54-4724-4CD1-BAA6-EE7BC309797C}.Debug|x86.ActiveCfg = Debug|Any CPU
		{68180B54-4724-4CD1-BAA6-EE7BC309797C}.Release|Any CPU.ActiveCfg = Release|Any CPU
		{68180B54-4724-4CD1-BAA6-EE7BC309797C}.Release|Any CPU.Build.0 = Release|Any CPU
		{68180B54-4724-4CD1-BAA6-EE7BC309797C}.Release|ARM.ActiveCfg = Release|Any CPU
		{68180B54-4724-4CD1-BAA6-EE7BC309797C}.Release|x64.ActiveCfg = Release|Any CPU
		{68180B54-4724-4CD1-BAA6-EE7BC309797C}.Release|x86.ActiveCfg = Release|Any CPU
		{B762DE35-E606-4B57-8860-1A662DF5624C}.Debug|Any CPU.ActiveCfg = Debug|Any CPU
		{B762DE35-E606-4B57-8860-1A662DF5624C}.Debug|Any CPU.Build.0 = Debug|Any CPU
		{B762DE35-E606-4B57-8860-1A662DF5624C}.Debug|ARM.ActiveCfg = Debug|Any CPU
		{B762DE35-E606-4B57-8860-1A662DF5624C}.Debug|x64.ActiveCfg = Debug|Any CPU
		{B762DE35-E606-4B57-8860-1A662DF5624C}.Debug|x86.ActiveCfg = Debug|Any CPU
		{B762DE35-E606-4B57-8860-1A662DF5624C}.Release|Any CPU.ActiveCfg = Release|Any CPU
		{B762DE35-E606-4B57-8860-1A662DF5624C}.Release|Any CPU.Build.0 = Release|Any CPU
		{B762DE35-E606-4B57-8860-1A662DF5624C}.Release|ARM.ActiveCfg = Release|Any CPU
		{B762DE35-E606-4B57-8860-1A662DF5624C}.Release|x64.ActiveCfg = Release|Any CPU
		{B762DE35-E606-4B57-8860-1A662DF5624C}.Release|x86.ActiveCfg = Release|Any CPU
		{0FDF769B-43F8-4907-98D5-A413BD9DE62D}.Debug|Any CPU.ActiveCfg = Debug|Any CPU
		{0FDF769B-43F8-4907-98D5-A413BD9DE62D}.Debug|Any CPU.Build.0 = Debug|Any CPU
		{0FDF769B-43F8-4907-98D5-A413BD9DE62D}.Debug|ARM.ActiveCfg = Debug|Any CPU
		{0FDF769B-43F8-4907-98D5-A413BD9DE62D}.Debug|x64.ActiveCfg = Debug|Any CPU
		{0FDF769B-43F8-4907-98D5-A413BD9DE62D}.Debug|x86.ActiveCfg = Debug|Any CPU
		{0FDF769B-43F8-4907-98D5-A413BD9DE62D}.Release|Any CPU.ActiveCfg = Release|Any CPU
		{0FDF769B-43F8-4907-98D5-A413BD9DE62D}.Release|Any CPU.Build.0 = Release|Any CPU
		{0FDF769B-43F8-4907-98D5-A413BD9DE62D}.Release|ARM.ActiveCfg = Release|Any CPU
		{0FDF769B-43F8-4907-98D5-A413BD9DE62D}.Release|x64.ActiveCfg = Release|Any CPU
		{0FDF769B-43F8-4907-98D5-A413BD9DE62D}.Release|x86.ActiveCfg = Release|Any CPU
		{EECFD4AD-B7DF-4AA7-B067-C6DA4139CB46}.Debug|Any CPU.ActiveCfg = Debug|Any CPU
		{EECFD4AD-B7DF-4AA7-B067-C6DA4139CB46}.Debug|Any CPU.Build.0 = Debug|Any CPU
		{EECFD4AD-B7DF-4AA7-B067-C6DA4139CB46}.Debug|ARM.ActiveCfg = Debug|Any CPU
		{EECFD4AD-B7DF-4AA7-B067-C6DA4139CB46}.Debug|x64.ActiveCfg = Debug|Any CPU
		{EECFD4AD-B7DF-4AA7-B067-C6DA4139CB46}.Debug|x86.ActiveCfg = Debug|Any CPU
		{EECFD4AD-B7DF-4AA7-B067-C6DA4139CB46}.Release|Any CPU.ActiveCfg = Release|Any CPU
		{EECFD4AD-B7DF-4AA7-B067-C6DA4139CB46}.Release|Any CPU.Build.0 = Release|Any CPU
		{EECFD4AD-B7DF-4AA7-B067-C6DA4139CB46}.Release|ARM.ActiveCfg = Release|Any CPU
		{EECFD4AD-B7DF-4AA7-B067-C6DA4139CB46}.Release|x64.ActiveCfg = Release|Any CPU
		{EECFD4AD-B7DF-4AA7-B067-C6DA4139CB46}.Release|x86.ActiveCfg = Release|Any CPU
		{AC53CD8C-710C-4019-8B62-F819F0D6EF38}.Debug|Any CPU.ActiveCfg = Debug|Any CPU
		{AC53CD8C-710C-4019-8B62-F819F0D6EF38}.Debug|Any CPU.Build.0 = Debug|Any CPU
		{AC53CD8C-710C-4019-8B62-F819F0D6EF38}.Debug|ARM.ActiveCfg = Debug|Any CPU
		{AC53CD8C-710C-4019-8B62-F819F0D6EF38}.Debug|ARM.Build.0 = Debug|Any CPU
		{AC53CD8C-710C-4019-8B62-F819F0D6EF38}.Debug|x64.ActiveCfg = Debug|Any CPU
		{AC53CD8C-710C-4019-8B62-F819F0D6EF38}.Debug|x64.Build.0 = Debug|Any CPU
		{AC53CD8C-710C-4019-8B62-F819F0D6EF38}.Debug|x86.ActiveCfg = Debug|Any CPU
		{AC53CD8C-710C-4019-8B62-F819F0D6EF38}.Debug|x86.Build.0 = Debug|Any CPU
		{AC53CD8C-710C-4019-8B62-F819F0D6EF38}.Release|Any CPU.ActiveCfg = Release|Any CPU
		{AC53CD8C-710C-4019-8B62-F819F0D6EF38}.Release|Any CPU.Build.0 = Release|Any CPU
		{AC53CD8C-710C-4019-8B62-F819F0D6EF38}.Release|ARM.ActiveCfg = Release|Any CPU
		{AC53CD8C-710C-4019-8B62-F819F0D6EF38}.Release|ARM.Build.0 = Release|Any CPU
		{AC53CD8C-710C-4019-8B62-F819F0D6EF38}.Release|x64.ActiveCfg = Release|Any CPU
		{AC53CD8C-710C-4019-8B62-F819F0D6EF38}.Release|x64.Build.0 = Release|Any CPU
		{AC53CD8C-710C-4019-8B62-F819F0D6EF38}.Release|x86.ActiveCfg = Release|Any CPU
		{AC53CD8C-710C-4019-8B62-F819F0D6EF38}.Release|x86.Build.0 = Release|Any CPU
		{1DA8B62F-4AB9-4514-BE94-7D86BA4C130D}.Debug|Any CPU.ActiveCfg = Debug|Any CPU
		{1DA8B62F-4AB9-4514-BE94-7D86BA4C130D}.Debug|Any CPU.Build.0 = Debug|Any CPU
		{1DA8B62F-4AB9-4514-BE94-7D86BA4C130D}.Debug|ARM.ActiveCfg = Debug|Any CPU
		{1DA8B62F-4AB9-4514-BE94-7D86BA4C130D}.Debug|ARM.Build.0 = Debug|Any CPU
		{1DA8B62F-4AB9-4514-BE94-7D86BA4C130D}.Debug|x64.ActiveCfg = Debug|Any CPU
		{1DA8B62F-4AB9-4514-BE94-7D86BA4C130D}.Debug|x64.Build.0 = Debug|Any CPU
		{1DA8B62F-4AB9-4514-BE94-7D86BA4C130D}.Debug|x86.ActiveCfg = Debug|Any CPU
		{1DA8B62F-4AB9-4514-BE94-7D86BA4C130D}.Debug|x86.Build.0 = Debug|Any CPU
		{1DA8B62F-4AB9-4514-BE94-7D86BA4C130D}.Release|Any CPU.ActiveCfg = Release|Any CPU
		{1DA8B62F-4AB9-4514-BE94-7D86BA4C130D}.Release|Any CPU.Build.0 = Release|Any CPU
		{1DA8B62F-4AB9-4514-BE94-7D86BA4C130D}.Release|ARM.ActiveCfg = Release|Any CPU
		{1DA8B62F-4AB9-4514-BE94-7D86BA4C130D}.Release|ARM.Build.0 = Release|Any CPU
		{1DA8B62F-4AB9-4514-BE94-7D86BA4C130D}.Release|x64.ActiveCfg = Release|Any CPU
		{1DA8B62F-4AB9-4514-BE94-7D86BA4C130D}.Release|x64.Build.0 = Release|Any CPU
		{1DA8B62F-4AB9-4514-BE94-7D86BA4C130D}.Release|x86.ActiveCfg = Release|Any CPU
		{1DA8B62F-4AB9-4514-BE94-7D86BA4C130D}.Release|x86.Build.0 = Release|Any CPU
	EndGlobalSection
	GlobalSection(SolutionProperties) = preSolution
		HideSolutionNode = FALSE
	EndGlobalSection
	GlobalSection(ExtensibilityGlobals) = postSolution
		SolutionGuid = {B3C08646-2DF0-404C-9A72-D460143D9639}
	EndGlobalSection
EndGlobal
